# This is a Gradle generated file for dependency locking.
# Manual edits can break the build and are not advised.
# This file is expected to be part of source control.
ch.qos.logback:logback-classic:1.5.11=compileClasspath,productionRuntimeClasspath,runtimeClasspath,testCompileClasspath,testRuntimeClasspath
ch.qos.logback:logback-core:1.5.11=compileClasspath,productionRuntimeClasspath,runtimeClasspath,testCompileClasspath,testRuntimeClasspath
com.fasterxml.jackson.core:jackson-annotations:2.17.2=compileClasspath,productionRuntimeClasspath,runtimeClasspath,testCompileClasspath,testRuntimeClasspath
com.fasterxml.jackson.core:jackson-core:2.17.2=compileClasspath,productionRuntimeClasspath,runtimeClasspath,testCompileClasspath,testRuntimeClasspath
com.fasterxml.jackson.core:jackson-databind:2.17.2=compileClasspath,productionRuntimeClasspath,runtimeClasspath,testCompileClasspath,testRuntimeClasspath
com.fasterxml.jackson.datatype:jackson-datatype-jdk8:2.17.2=compileClasspath,productionRuntimeClasspath,runtimeClasspath,testCompileClasspath,testRuntimeClasspath
com.fasterxml.jackson.datatype:jackson-datatype-jsr310:2.17.2=compileClasspath,productionRuntimeClasspath,runtimeClasspath,testCompileClasspath,testRuntimeClasspath
com.fasterxml.jackson.module:jackson-module-parameter-names:2.17.2=compileClasspath,productionRuntimeClasspath,runtimeClasspath,testCompileClasspath,testRuntimeClasspath
com.fasterxml.jackson:jackson-bom:2.17.2=compileClasspath,productionRuntimeClasspath,runtimeClasspath,testCompileClasspath,testRuntimeClasspath
com.fasterxml.staxmate:staxmate:2.4.1=sonarlintCoreClasspath
com.fasterxml.woodstox:woodstox-core:6.4.0=sonarlintCoreClasspath
com.fasterxml:classmate:1.7.0=compileClasspath,productionRuntimeClasspath,runtimeClasspath,testCompileClasspath,testRuntimeClasspath
com.github.docker-java:docker-java-api:3.3.6=testCompileClasspath,testRuntimeClasspath
com.github.docker-java:docker-java-transport-zerodep:3.3.6=testCompileClasspath,testRuntimeClasspath
com.github.docker-java:docker-java-transport:3.3.6=testCompileClasspath,testRuntimeClasspath
com.google.code.findbugs:jsr305:3.0.2=sonarlintCoreClasspath
com.google.code.gson:gson:2.10.1=sonarlintCoreClasspath
com.google.protobuf:protobuf-java:3.25.5=sonarlintCoreClasspath
com.jayway.jsonpath:json-path:2.9.0=testCompileClasspath,testRuntimeClasspath
com.opencsv:opencsv:5.9=compileClasspath,productionRuntimeClasspath,runtimeClasspath,testCompileClasspath,testRuntimeClasspath
com.sun.istack:istack-commons-runtime:4.1.2=productionRuntimeClasspath,runtimeClasspath,testRuntimeClasspath
com.vaadin.external.google:android-json:0.0.20131108.vaadin1=testCompileClasspath,testRuntimeClasspath
com.zaxxer:HikariCP:5.1.0=compileClasspath,productionRuntimeClasspath,runtimeClasspath,testCompileClasspath,testRuntimeClasspath
commons-io:commons-io:2.15.1=sonarlintCoreClasspath
io.micrometer:micrometer-commons:1.13.6=compileClasspath,productionRuntimeClasspath,runtimeClasspath,testAndDevelopmentOnly,testCompileClasspath,testRuntimeClasspath
io.micrometer:micrometer-core:1.13.6=compileClasspath,productionRuntimeClasspath,runtimeClasspath,testCompileClasspath,testRuntimeClasspath
io.micrometer:micrometer-jakarta9:1.13.6=compileClasspath,productionRuntimeClasspath,runtimeClasspath,testCompileClasspath,testRuntimeClasspath
io.micrometer:micrometer-observation:1.13.6=compileClasspath,productionRuntimeClasspath,runtimeClasspath,testAndDevelopmentOnly,testCompileClasspath,testRuntimeClasspath
io.smallrye:jandex:3.1.2=productionRuntimeClasspath,runtimeClasspath,testRuntimeClasspath
jakarta.activation:jakarta.activation-api:2.1.3=productionRuntimeClasspath,runtimeClasspath,testCompileClasspath,testRuntimeClasspath
jakarta.annotation:jakarta.annotation-api:2.1.1=compileClasspath,productionRuntimeClasspath,runtimeClasspath,testCompileClasspath,testRuntimeClasspath
jakarta.el:jakarta.el-api:4.0.0=sonarlintCoreClasspath
jakarta.inject:jakarta.inject-api:2.0.1=productionRuntimeClasspath,runtimeClasspath,testRuntimeClasspath
jakarta.persistence:jakarta.persistence-api:3.1.0=compileClasspath,productionRuntimeClasspath,runtimeClasspath,testCompileClasspath,testRuntimeClasspath
jakarta.transaction:jakarta.transaction-api:2.0.1=compileClasspath,productionRuntimeClasspath,runtimeClasspath,testCompileClasspath,testRuntimeClasspath
jakarta.validation:jakarta.validation-api:3.0.2=compileClasspath,productionRuntimeClasspath,runtimeClasspath,testCompileClasspath,testRuntimeClasspath
jakarta.xml.bind:jakarta.xml.bind-api:4.0.2=productionRuntimeClasspath,runtimeClasspath,testCompileClasspath,testRuntimeClasspath
javax.xml.bind:jaxb-api:2.3.1=compileClasspath,productionRuntimeClasspath,runtimeClasspath,testCompileClasspath,testRuntimeClasspath
junit:junit:4.13.2=testCompileClasspath,testRuntimeClasspath
net.bytebuddy:byte-buddy-agent:1.14.19=testCompileClasspath,testRuntimeClasspath
net.bytebuddy:byte-buddy:1.14.19=productionRuntimeClasspath,runtimeClasspath,testCompileClasspath,testRuntimeClasspath
net.java.dev.jna:jna:5.13.0=testCompileClasspath,testRuntimeClasspath
net.lbruun.springboot:preliquibase-spring-boot-autoconfigure:1.6.0=productionRuntimeClasspath,runtimeClasspath,testRuntimeClasspath
net.lbruun.springboot:preliquibase-spring-boot-starter:1.6.0=productionRuntimeClasspath,runtimeClasspath,testRuntimeClasspath
net.minidev:accessors-smart:2.5.1=testCompileClasspath,testRuntimeClasspath
net.minidev:json-smart:2.5.1=testCompileClasspath,testRuntimeClasspath
org.antlr:antlr4-runtime:4.13.0=compileClasspath,productionRuntimeClasspath,runtimeClasspath,testCompileClasspath,testRuntimeClasspath
org.apache.commons:commons-collections4:4.4=compileClasspath,productionRuntimeClasspath,runtimeClasspath,testCompileClasspath,testRuntimeClasspath
org.apache.commons:commons-compress:1.24.0=testCompileClasspath,testRuntimeClasspath
org.apache.commons:commons-compress:1.26.0=sonarlintCoreClasspath
org.apache.commons:commons-lang3:3.14.0=compileClasspath,productionRuntimeClasspath,runtimeClasspath,sonarlintCoreClasspath,testCompileClasspath,testRuntimeClasspath
org.apache.commons:commons-text:1.11.0=compileClasspath,productionRuntimeClasspath,runtimeClasspath,testCompileClasspath,testRuntimeClasspath
org.apache.logging.log4j:log4j-api:2.23.1=compileClasspath,productionRuntimeClasspath,runtimeClasspath,testCompileClasspath,testRuntimeClasspath
org.apache.logging.log4j:log4j-to-slf4j:2.23.1=compileClasspath,productionRuntimeClasspath,runtimeClasspath,testCompileClasspath,testRuntimeClasspath
org.apache.tomcat.embed:tomcat-embed-core:10.1.31=compileClasspath,productionRuntimeClasspath,runtimeClasspath,sonarlintCoreClasspath,testCompileClasspath,testRuntimeClasspath
org.apache.tomcat.embed:tomcat-embed-el:10.1.31=compileClasspath,productionRuntimeClasspath,runtimeClasspath,sonarlintCoreClasspath,testCompileClasspath,testRuntimeClasspath
org.apache.tomcat.embed:tomcat-embed-jasper:10.1.31=sonarlintCoreClasspath
org.apache.tomcat.embed:tomcat-embed-websocket:10.1.31=compileClasspath,productionRuntimeClasspath,runtimeClasspath,testCompileClasspath,testRuntimeClasspath
org.apache.tomcat:tomcat-annotations-api:10.1.31=sonarlintCoreClasspath
org.apiguardian:apiguardian-api:1.1.2=testCompileClasspath
org.aspectj:aspectjweaver:1.9.22.1=compileClasspath,productionRuntimeClasspath,runtimeClasspath,testCompileClasspath,testRuntimeClasspath
org.assertj:assertj-core:3.25.3=testCompileClasspath,testRuntimeClasspath
org.awaitility:awaitility:4.2.2=testCompileClasspath,testRuntimeClasspath
org.checkerframework:checker-qual:3.42.0=productionRuntimeClasspath,runtimeClasspath,testRuntimeClasspath
org.codehaus.woodstox:stax2-api:4.2.1=sonarlintCoreClasspath
org.eclipse.angus:angus-activation:2.0.2=productionRuntimeClasspath,runtimeClasspath,testRuntimeClasspath
org.glassfish.jaxb:jaxb-core:4.0.5=productionRuntimeClasspath,runtimeClasspath,testRuntimeClasspath
org.glassfish.jaxb:jaxb-runtime:4.0.5=productionRuntimeClasspath,runtimeClasspath,testRuntimeClasspath
org.glassfish.jaxb:txw2:4.0.5=productionRuntimeClasspath,runtimeClasspath,testRuntimeClasspath
org.glassfish:jakarta.el:4.0.2=sonarlintCoreClasspath
org.hamcrest:hamcrest-core:2.2=testCompileClasspath,testRuntimeClasspath
org.hamcrest:hamcrest:2.2=testCompileClasspath,testRuntimeClasspath
org.hdrhistogram:HdrHistogram:2.2.2=productionRuntimeClasspath,runtimeClasspath,testRuntimeClasspath
org.hibernate.common:hibernate-commons-annotations:6.0.6.Final=productionRuntimeClasspath,runtimeClasspath,testRuntimeClasspath
org.hibernate.orm:hibernate-core:6.5.3.Final=compileClasspath,productionRuntimeClasspath,runtimeClasspath,testCompileClasspath,testRuntimeClasspath
org.hibernate.validator:hibernate-validator-annotation-processor:8.0.1.Final=annotationProcessor,compileClasspath
org.hibernate.validator:hibernate-validator:8.0.1.Final=compileClasspath,productionRuntimeClasspath,runtimeClasspath,testCompileClasspath,testRuntimeClasspath
org.jacoco:org.jacoco.agent:0.8.12=jacocoAgent,jacocoAnt
org.jacoco:org.jacoco.ant:0.8.12=jacocoAnt
org.jacoco:org.jacoco.core:0.8.12=jacocoAnt
org.jacoco:org.jacoco.report:0.8.12=jacocoAnt
org.jboss.logging:jboss-logging:3.5.3.Final=compileClasspath,productionRuntimeClasspath,runtimeClasspath,testCompileClasspath,testRuntimeClasspath
org.jetbrains:annotations:17.0.0=testCompileClasspath,testRuntimeClasspath
org.junit.jupiter:junit-jupiter-api:5.10.5=testCompileClasspath,testRuntimeClasspath
org.junit.jupiter:junit-jupiter-engine:5.10.5=testRuntimeClasspath
org.junit.jupiter:junit-jupiter-params:5.10.5=testCompileClasspath,testRuntimeClasspath
org.junit.jupiter:junit-jupiter:5.10.5=testCompileClasspath,testRuntimeClasspath
org.junit.platform:junit-platform-commons:1.10.5=testCompileClasspath,testRuntimeClasspath
org.junit.platform:junit-platform-engine:1.10.5=testRuntimeClasspath
org.junit:junit-bom:5.10.5=testCompileClasspath,testRuntimeClasspath
org.latencyutils:LatencyUtils:2.0.3=productionRuntimeClasspath,runtimeClasspath,testRuntimeClasspath
org.liquibase:liquibase-core:4.27.0=compileClasspath,productionRuntimeClasspath,runtimeClasspath,testCompileClasspath,testRuntimeClasspath
org.mockito:mockito-core:5.11.0=testCompileClasspath,testRuntimeClasspath
org.mockito:mockito-junit-jupiter:5.11.0=testCompileClasspath,testRuntimeClasspath
org.objenesis:objenesis:3.3=testRuntimeClasspath
org.opentest4j:opentest4j:1.3.0=testCompileClasspath,testRuntimeClasspath
org.ow2.asm:asm-commons:9.7=jacocoAnt
org.ow2.asm:asm-tree:9.7=jacocoAnt
org.ow2.asm:asm:9.0=sonarlintCoreClasspath
org.ow2.asm:asm:9.6=testCompileClasspath,testRuntimeClasspath
org.ow2.asm:asm:9.7=jacocoAnt
org.postgresql:postgresql:42.7.4=productionRuntimeClasspath,runtimeClasspath,testRuntimeClasspath
org.projectlombok:lombok:1.18.36=annotationProcessor,compileClasspath,lombok,testAnnotationProcessor,testCompileClasspath
org.rnorth.duct-tape:duct-tape:1.0.8=testCompileClasspath,testRuntimeClasspath
org.skyscreamer:jsonassert:1.5.3=testCompileClasspath,testRuntimeClasspath
org.slf4j:jul-to-slf4j:2.0.16=compileClasspath,productionRuntimeClasspath,runtimeClasspath,testCompileClasspath,testRuntimeClasspath
org.slf4j:slf4j-api:2.0.16=compileClasspath,productionRuntimeClasspath,runtimeClasspath,testCompileClasspath,testRuntimeClasspath
org.sonarsource.analyzer-commons:sonar-analyzer-commons:2.14.0.3087=sonarlintCoreClasspath
org.sonarsource.analyzer-commons:sonar-analyzer-recognizers:2.14.0.3087=sonarlintCoreClasspath
org.sonarsource.analyzer-commons:sonar-performance-measure:2.14.0.3087=sonarlintCoreClasspath
org.sonarsource.analyzer-commons:sonar-regex-parsing:2.14.0.3087=sonarlintCoreClasspath
org.sonarsource.analyzer-commons:sonar-xml-parsing:2.14.0.3087=sonarlintCoreClasspath
org.sonarsource.html:sonar-html-plugin:3.16.0.5274=sonarlintCoreClasspath
org.sonarsource.java:check-list:8.6.0.37351=sonarlintCoreClasspath
org.sonarsource.java:external-reports:8.6.0.37351=sonarlintCoreClasspath
org.sonarsource.java:java-checks-aws:8.6.0.37351=sonarlintCoreClasspath
org.sonarsource.java:java-checks-common:8.6.0.37351=sonarlintCoreClasspath
org.sonarsource.java:java-checks:8.6.0.37351=sonarlintCoreClasspath
org.sonarsource.java:java-frontend:8.6.0.37351=sonarlintCoreClasspath
org.sonarsource.java:java-jsp:8.6.0.37351=sonarlintCoreClasspath
org.sonarsource.java:java-surefire:8.6.0.37351=sonarlintCoreClasspath
org.sonarsource.java:jdt-package:1.3.0.89=sonarlintCoreClasspath
org.sonarsource.java:sonar-java-plugin:8.6.0.37351=sonarlintCoreClasspath
org.sonarsource.javascript:api:10.16.0.27621=sonarlintCoreClasspath
org.sonarsource.javascript:bridge:10.16.0.27621=sonarlintCoreClasspath
org.sonarsource.javascript:css:10.16.0.27621=sonarlintCoreClasspath
org.sonarsource.javascript:javascript-checks:10.16.0.27621=sonarlintCoreClasspath
org.sonarsource.javascript:sonar-javascript-plugin:10.16.0.27621=sonarlintCoreClasspath
org.sonarsource.kotlin:sonar-kotlin-plugin:2.20.0.4382=sonarlintCoreClasspath
org.sonarsource.slang:sonar-ruby-plugin:1.17.1.134=sonarlintCoreClasspath
org.sonarsource.slang:sonar-scala-plugin:1.17.1.166=sonarlintCoreClasspath
org.sonarsource.sonarlint.core:sonarlint-core:9.8.0.76914=sonarlintCore,sonarlintCoreClasspath
org.sonarsource.sslr:sslr-core:1.24.0.633=sonarlintCoreClasspath
org.sonarsource.xml:sonar-xml-plugin:2.11.0.5671=sonarlintCoreClasspath
org.springframework.boot:spring-boot-actuator-autoconfigure:3.3.5=compileClasspath,productionRuntimeClasspath,runtimeClasspath,testCompileClasspath,testRuntimeClasspath
org.springframework.boot:spring-boot-actuator:3.3.5=compileClasspath,productionRuntimeClasspath,runtimeClasspath,testCompileClasspath,testRuntimeClasspath
org.springframework.boot:spring-boot-autoconfigure:3.3.5=compileClasspath,productionRuntimeClasspath,runtimeClasspath,testAndDevelopmentOnly,testCompileClasspath,testRuntimeClasspath
org.springframework.boot:spring-boot-configuration-processor:3.3.5=annotationProcessor,compileClasspath
org.springframework.boot:spring-boot-devtools:3.3.5=runtimeClasspath,testAndDevelopmentOnly,testCompileClasspath,testRuntimeClasspath
org.springframework.boot:spring-boot-starter-actuator:3.3.5=compileClasspath,productionRuntimeClasspath,runtimeClasspath,testCompileClasspath,testRuntimeClasspath
org.springframework.boot:spring-boot-starter-aop:3.3.5=compileClasspath,productionRuntimeClasspath,runtimeClasspath,testCompileClasspath,testRuntimeClasspath
org.springframework.boot:spring-boot-starter-data-jpa:3.3.5=compileClasspath,productionRuntimeClasspath,runtimeClasspath,testCompileClasspath,testRuntimeClasspath
org.springframework.boot:spring-boot-starter-jdbc:3.3.5=compileClasspath,productionRuntimeClasspath,runtimeClasspath,testCompileClasspath,testRuntimeClasspath
org.springframework.boot:spring-boot-starter-json:3.3.5=compileClasspath,productionRuntimeClasspath,runtimeClasspath,testCompileClasspath,testRuntimeClasspath
org.springframework.boot:spring-boot-starter-logging:3.3.5=compileClasspath,productionRuntimeClasspath,runtimeClasspath,testCompileClasspath,testRuntimeClasspath
org.springframework.boot:spring-boot-starter-security:3.3.5=compileClasspath,productionRuntimeClasspath,runtimeClasspath,testCompileClasspath,testRuntimeClasspath
org.springframework.boot:spring-boot-starter-test:3.3.5=testCompileClasspath,testRuntimeClasspath
org.springframework.boot:spring-boot-starter-tomcat:3.3.5=compileClasspath,productionRuntimeClasspath,runtimeClasspath,testCompileClasspath,testRuntimeClasspath
org.springframework.boot:spring-boot-starter-validation:3.3.5=compileClasspath,productionRuntimeClasspath,runtimeClasspath,testCompileClasspath,testRuntimeClasspath
org.springframework.boot:spring-boot-starter-web:3.3.5=compileClasspath,productionRuntimeClasspath,runtimeClasspath,testCompileClasspath,testRuntimeClasspath
org.springframework.boot:spring-boot-starter:3.3.5=compileClasspath,productionRuntimeClasspath,runtimeClasspath,testCompileClasspath,testRuntimeClasspath
org.springframework.boot:spring-boot-test-autoconfigure:3.3.5=testCompileClasspath,testRuntimeClasspath
org.springframework.boot:spring-boot-test:3.3.5=testCompileClasspath,testRuntimeClasspath
org.springframework.boot:spring-boot:3.3.5=compileClasspath,productionRuntimeClasspath,runtimeClasspath,testAndDevelopmentOnly,testCompileClasspath,testRuntimeClasspath
org.springframework.data:spring-data-commons:3.3.5=compileClasspath,productionRuntimeClasspath,runtimeClasspath,testCompileClasspath,testRuntimeClasspath
org.springframework.data:spring-data-jpa:3.3.5=compileClasspath,productionRuntimeClasspath,runtimeClasspath,testCompileClasspath,testRuntimeClasspath
org.springframework.security:spring-security-config:6.3.4=compileClasspath,productionRuntimeClasspath,runtimeClasspath,testCompileClasspath,testRuntimeClasspath
org.springframework.security:spring-security-core:6.3.4=compileClasspath,productionRuntimeClasspath,runtimeClasspath,testCompileClasspath,testRuntimeClasspath
org.springframework.security:spring-security-crypto:6.3.4=compileClasspath,productionRuntimeClasspath,runtimeClasspath,testCompileClasspath,testRuntimeClasspath
org.springframework.security:spring-security-test:6.3.4=testCompileClasspath,testRuntimeClasspath
org.springframework.security:spring-security-web:6.3.4=compileClasspath,productionRuntimeClasspath,runtimeClasspath,testCompileClasspath,testRuntimeClasspath
org.springframework.session:spring-session-core:3.3.3=compileClasspath,productionRuntimeClasspath,runtimeClasspath,testCompileClasspath,testRuntimeClasspath
org.springframework.session:spring-session-jdbc:3.3.3=compileClasspath,productionRuntimeClasspath,runtimeClasspath,testCompileClasspath,testRuntimeClasspath
org.springframework:spring-aop:6.1.14=compileClasspath,productionRuntimeClasspath,runtimeClasspath,testAndDevelopmentOnly,testCompileClasspath,testRuntimeClasspath
org.springframework:spring-aspects:6.1.14=compileClasspath,productionRuntimeClasspath,runtimeClasspath,testCompileClasspath,testRuntimeClasspath
org.springframework:spring-beans:6.1.14=compileClasspath,productionRuntimeClasspath,runtimeClasspath,testAndDevelopmentOnly,testCompileClasspath,testRuntimeClasspath
org.springframework:spring-context:6.1.14=compileClasspath,productionRuntimeClasspath,runtimeClasspath,testAndDevelopmentOnly,testCompileClasspath,testRuntimeClasspath
org.springframework:spring-core:6.1.14=compileClasspath,productionRuntimeClasspath,runtimeClasspath,sonarlintCoreClasspath,testAndDevelopmentOnly,testCompileClasspath,testRuntimeClasspath
org.springframework:spring-expression:6.1.14=compileClasspath,productionRuntimeClasspath,runtimeClasspath,sonarlintCoreClasspath,testAndDevelopmentOnly,testCompileClasspath,testRuntimeClasspath
org.springframework:spring-jcl:6.1.14=compileClasspath,productionRuntimeClasspath,runtimeClasspath,testAndDevelopmentOnly,testCompileClasspath,testRuntimeClasspath
org.springframework:spring-jdbc:6.1.14=compileClasspath,productionRuntimeClasspath,runtimeClasspath,testCompileClasspath,testRuntimeClasspath
org.springframework:spring-orm:6.1.14=compileClasspath,productionRuntimeClasspath,runtimeClasspath,testCompileClasspath,testRuntimeClasspath
org.springframework:spring-test:6.1.14=testCompileClasspath,testRuntimeClasspath
org.springframework:spring-tx:6.1.14=compileClasspath,productionRuntimeClasspath,runtimeClasspath,testCompileClasspath,testRuntimeClasspath
org.springframework:spring-web:6.1.14=compileClasspath,productionRuntimeClasspath,runtimeClasspath,testCompileClasspath,testRuntimeClasspath
org.springframework:spring-webmvc:6.1.14=compileClasspath,productionRuntimeClasspath,runtimeClasspath,testCompileClasspath,testRuntimeClasspath
org.testcontainers:database-commons:1.19.8=testCompileClasspath,testRuntimeClasspath
org.testcontainers:jdbc:1.19.8=testCompileClasspath,testRuntimeClasspath
org.testcontainers:junit-jupiter:1.19.8=testCompileClasspath,testRuntimeClasspath
org.testcontainers:postgresql:1.19.8=testCompileClasspath,testRuntimeClasspath
org.testcontainers:testcontainers:1.19.8=testCompileClasspath,testRuntimeClasspath
org.tukaani:xz:1.9=sonarlintCoreClasspath
org.xmlunit:xmlunit-core:2.9.1=testCompileClasspath,testRuntimeClasspath
org.yaml:snakeyaml:2.0=compileClasspath,productionRuntimeClasspath,runtimeClasspath,testCompileClasspath,testRuntimeClasspath
xerces:xercesImpl:2.12.2=sonarlintCoreClasspath
xml-apis:xml-apis:1.4.01=sonarlintCoreClasspath
empty=developmentOnly
